{
  "version": 4,
  "terraform_version": "0.13.4",
  "serial": 25,
  "lineage": "3397be73-9581-d5e2-1364-5e8cff1a1e2a",
  "outputs": {},
  "resources": [
    {
      "mode": "data",
      "type": "aws_iam_policy_document",
      "name": "gj_ecs_tasks_execution_role",
      "provider": "provider[\"registry.terraform.io/hashicorp/aws\"]",
      "instances": [
        {
          "schema_version": 0,
          "attributes": {
            "id": "320642683",
            "json": "{\n  \"Version\": \"2012-10-17\",\n  \"Statement\": [\n    {\n      \"Sid\": \"\",\n      \"Effect\": \"Allow\",\n      \"Action\": \"sts:AssumeRole\",\n      \"Principal\": {\n        \"Service\": \"ecs-tasks.amazonaws.com\"\n      }\n    }\n  ]\n}",
            "override_json": null,
            "policy_id": null,
            "source_json": null,
            "statement": [
              {
                "actions": [
                  "sts:AssumeRole"
                ],
                "condition": [],
                "effect": "Allow",
                "not_actions": [],
                "not_principals": [],
                "not_resources": [],
                "principals": [
                  {
                    "identifiers": [
                      "ecs-tasks.amazonaws.com"
                    ],
                    "type": "Service"
                  }
                ],
                "resources": [],
                "sid": ""
              }
            ],
            "version": "2012-10-17"
          }
        }
      ]
    },
    {
      "mode": "managed",
      "type": "aws_ecr_repository",
      "name": "gjrepo",
      "provider": "provider[\"registry.terraform.io/hashicorp/aws\"]",
      "instances": [
        {
          "schema_version": 0,
          "attributes": {
            "arn": "arn:aws:ecr:ap-south-1:387820889742:repository/gjrepo",
            "id": "gjrepo",
            "image_scanning_configuration": [
              {
                "scan_on_push": true
              }
            ],
            "image_tag_mutability": "MUTABLE",
            "name": "gjrepo",
            "registry_id": "387820889742",
            "repository_url": "387820889742.dkr.ecr.ap-south-1.amazonaws.com/gjrepo",
            "tags": {},
            "timeouts": null
          },
          "private": "eyJlMmJmYjczMC1lY2FhLTExZTYtOGY4OC0zNDM2M2JjN2M0YzAiOnsiZGVsZXRlIjoxMjAwMDAwMDAwMDAwfX0="
        }
      ]
    },
    {
      "mode": "managed",
      "type": "aws_ecr_repository_policy",
      "name": "gjrepo-policy",
      "provider": "provider[\"registry.terraform.io/hashicorp/aws\"]",
      "instances": [
        {
          "schema_version": 0,
          "attributes": {
            "id": "gjrepo",
            "policy": "{\n  \"Version\" : \"2008-10-17\",\n  \"Statement\" : [ {\n    \"Sid\" : \"gj ecr polocy\",\n    \"Effect\" : \"Allow\",\n    \"Principal\" : \"*\",\n    \"Action\" : [ \"ecr:GetDownloadUrlForLayer\", \"ecr:BatchGetImage\", \"ecr:BatchCheckLayerAvailability\", \"ecr:PutImage\", \"ecr:InitiateLayerUpload\", \"ecr:UploadLayerPart\", \"ecr:CompleteLayerUpload\", \"ecr:DescribeRepositories\", \"ecr:GetRepositoryPolicy\", \"ecr:ListImages\", \"ecr:DeleteRepository\", \"ecr:BatchDeleteImage\", \"ecr:SetRepositoryPolicy\", \"ecr:DeleteRepositoryPolicy\" ]\n  } ]\n}",
            "registry_id": "387820889742",
            "repository": "gjrepo"
          },
          "private": "bnVsbA==",
          "dependencies": [
            "aws_ecr_repository.gjrepo"
          ]
        }
      ]
    },
    {
      "mode": "managed",
      "type": "aws_ecs_cluster",
      "name": "gj_userservice_cluster",
      "provider": "provider[\"registry.terraform.io/hashicorp/aws\"]",
      "instances": [
        {
          "schema_version": 0,
          "attributes": {
            "arn": "arn:aws:ecs:ap-south-1:387820889742:cluster/gj_userservice_cluster",
            "capacity_providers": [],
            "default_capacity_provider_strategy": [],
            "id": "arn:aws:ecs:ap-south-1:387820889742:cluster/gj_userservice_cluster",
            "name": "gj_userservice_cluster",
            "setting": [
              {
                "name": "containerInsights",
                "value": "disabled"
              }
            ],
            "tags": {}
          },
          "private": "bnVsbA=="
        }
      ]
    },
    {
      "mode": "managed",
      "type": "aws_ecs_service",
      "name": "gj-user-service",
      "provider": "provider[\"registry.terraform.io/hashicorp/aws\"]",
      "instances": [
        {
          "schema_version": 0,
          "attributes": {
            "capacity_provider_strategy": [],
            "cluster": "arn:aws:ecs:ap-south-1:387820889742:cluster/gj_userservice_cluster",
            "deployment_controller": [
              {
                "type": "ECS"
              }
            ],
            "deployment_maximum_percent": 200,
            "deployment_minimum_healthy_percent": 100,
            "desired_count": 1,
            "enable_ecs_managed_tags": false,
            "force_new_deployment": null,
            "health_check_grace_period_seconds": 0,
            "iam_role": "aws-service-role",
            "id": "arn:aws:ecs:ap-south-1:387820889742:service/gj_userservice_cluster/gj-user-service",
            "launch_type": "FARGATE",
            "load_balancer": [
              {
                "container_name": "userservice",
                "container_port": 7000,
                "elb_name": "",
                "target_group_arn": "arn:aws:elasticloadbalancing:ap-south-1:387820889742:targetgroup/gj-ecs20210414134551134100000002/614b2e63a39c7fd6"
              }
            ],
            "name": "gj-user-service",
            "network_configuration": [
              {
                "assign_public_ip": true,
                "security_groups": [
                  "sg-0ca4384bc6f0d59f7"
                ],
                "subnets": [
                  "subnet-0537133eb2e77fb2a",
                  "subnet-06898a76a2a3b0530"
                ]
              }
            ],
            "ordered_placement_strategy": [],
            "placement_constraints": [],
            "placement_strategy": [],
            "platform_version": "LATEST",
            "propagate_tags": "NONE",
            "scheduling_strategy": "REPLICA",
            "service_registries": [],
            "tags": {},
            "task_definition": "arn:aws:ecs:ap-south-1:387820889742:task-definition/gj_userservice_aws_ecs_task:5",
            "timeouts": null
          },
          "private": "eyJlMmJmYjczMC1lY2FhLTExZTYtOGY4OC0zNDM2M2JjN2M0YzAiOnsiZGVsZXRlIjoxMjAwMDAwMDAwMDAwfX0=",
          "dependencies": [
            "aws_ecs_cluster.gj_userservice_cluster",
            "aws_ecs_task_definition.gj_userservice_aws_ecs_task",
            "aws_iam_role.gj_ecs_tasks_execution_role",
            "aws_lb_target_group.gj-ecs-service-target-group",
            "aws_security_group.gj_sec_grp",
            "aws_subnet.gj_subnet1",
            "aws_subnet.gj_subnet2"
          ]
        }
      ]
    },
    {
      "mode": "managed",
      "type": "aws_ecs_task_definition",
      "name": "gj_userservice_aws_ecs_task",
      "provider": "provider[\"registry.terraform.io/hashicorp/aws\"]",
      "instances": [
        {
          "schema_version": 1,
          "attributes": {
            "arn": "arn:aws:ecs:ap-south-1:387820889742:task-definition/gj_userservice_aws_ecs_task:5",
            "container_definitions": "[{\"cpu\":0,\"environment\":[{\"name\":\"custom\",\"value\":\"val\"}],\"essential\":true,\"image\":\"387820889742.dkr.ecr.ap-south-1.amazonaws.com/gjrepo:latest\",\"logConfiguration\":{\"logDriver\":\"awslogs\",\"options\":{\"awslogs-group\":\"userservice\",\"awslogs-region\":\"ap-south-1\",\"awslogs-stream-prefix\":\"userservice\"}},\"memory\":2048,\"mountPoints\":[],\"name\":\"userservice\",\"portMappings\":[{\"containerPort\":7000,\"hostPort\":7000,\"protocol\":\"tcp\"}],\"volumesFrom\":[]}]",
            "cpu": "256",
            "execution_role_arn": "arn:aws:iam::387820889742:role/gj-ecs-task-execution-role",
            "family": "gj_userservice_aws_ecs_task",
            "id": "gj_userservice_aws_ecs_task",
            "inference_accelerator": [],
            "ipc_mode": "",
            "memory": "2048",
            "network_mode": "awsvpc",
            "pid_mode": "",
            "placement_constraints": [],
            "proxy_configuration": [],
            "requires_compatibilities": [
              "FARGATE"
            ],
            "revision": 5,
            "tags": null,
            "task_role_arn": "arn:aws:iam::387820889742:role/gj-ecs-task-execution-role",
            "volume": []
          },
          "private": "eyJzY2hlbWFfdmVyc2lvbiI6IjEifQ==",
          "dependencies": [
            "aws_iam_role.gj_ecs_tasks_execution_role"
          ]
        }
      ]
    },
    {
      "mode": "managed",
      "type": "aws_iam_role",
      "name": "gj_ecs_tasks_execution_role",
      "provider": "provider[\"registry.terraform.io/hashicorp/aws\"]",
      "instances": [
        {
          "schema_version": 0,
          "attributes": {
            "arn": "arn:aws:iam::387820889742:role/gj-ecs-task-execution-role",
            "assume_role_policy": "{\"Version\":\"2012-10-17\",\"Statement\":[{\"Sid\":\"\",\"Effect\":\"Allow\",\"Principal\":{\"Service\":\"ecs-tasks.amazonaws.com\"},\"Action\":\"sts:AssumeRole\"}]}",
            "create_date": "2021-04-14T13:45:44Z",
            "description": "",
            "force_detach_policies": false,
            "id": "gj-ecs-task-execution-role",
            "max_session_duration": 3600,
            "name": "gj-ecs-task-execution-role",
            "name_prefix": null,
            "path": "/",
            "permissions_boundary": null,
            "tags": {},
            "unique_id": "AROAVUS7NE2HFQVTVUW7V"
          },
          "private": "bnVsbA==",
          "dependencies": [
            "data.aws_iam_policy_document.gj_ecs_tasks_execution_role"
          ]
        }
      ]
    },
    {
      "mode": "managed",
      "type": "aws_iam_role_policy_attachment",
      "name": "ecs_tasks_execution_role",
      "provider": "provider[\"registry.terraform.io/hashicorp/aws\"]",
      "instances": [
        {
          "schema_version": 0,
          "attributes": {
            "id": "gj-ecs-task-execution-role-20210414134548909300000001",
            "policy_arn": "arn:aws:iam::aws:policy/service-role/AmazonECSTaskExecutionRolePolicy",
            "role": "gj-ecs-task-execution-role"
          },
          "private": "bnVsbA==",
          "dependencies": [
            "aws_iam_role.gj_ecs_tasks_execution_role",
            "data.aws_iam_policy_document.gj_ecs_tasks_execution_role"
          ]
        }
      ]
    },
    {
      "mode": "managed",
      "type": "aws_internet_gateway",
      "name": "gj_internat_gateway",
      "provider": "provider[\"registry.terraform.io/hashicorp/aws\"]",
      "instances": [
        {
          "schema_version": 0,
          "attributes": {
            "arn": "arn:aws:ec2:ap-south-1:387820889742:internet-gateway/igw-02753ab5bce53fc73",
            "id": "igw-02753ab5bce53fc73",
            "owner_id": "387820889742",
            "tags": {
              "name": "gj_int_gatweay"
            },
            "vpc_id": "vpc-091e47a5de24b830c"
          },
          "private": "bnVsbA==",
          "dependencies": [
            "aws_vpc.gj_vpc"
          ]
        }
      ]
    },
    {
      "mode": "managed",
      "type": "aws_lb",
      "name": "gj-ecs-alb",
      "provider": "provider[\"registry.terraform.io/hashicorp/aws\"]",
      "instances": [
        {
          "schema_version": 0,
          "attributes": {
            "access_logs": [
              {
                "bucket": "",
                "enabled": false,
                "prefix": ""
              }
            ],
            "arn": "arn:aws:elasticloadbalancing:ap-south-1:387820889742:loadbalancer/app/gj-ecs-alb/bfd5f7ed433ec1e9",
            "arn_suffix": "app/gj-ecs-alb/bfd5f7ed433ec1e9",
            "dns_name": "gj-ecs-alb-1262429599.ap-south-1.elb.amazonaws.com",
            "drop_invalid_header_fields": false,
            "enable_cross_zone_load_balancing": null,
            "enable_deletion_protection": false,
            "enable_http2": true,
            "id": "arn:aws:elasticloadbalancing:ap-south-1:387820889742:loadbalancer/app/gj-ecs-alb/bfd5f7ed433ec1e9",
            "idle_timeout": 60,
            "internal": false,
            "ip_address_type": "ipv4",
            "load_balancer_type": "application",
            "name": "gj-ecs-alb",
            "name_prefix": null,
            "security_groups": [
              "sg-0ca4384bc6f0d59f7"
            ],
            "subnet_mapping": [
              {
                "allocation_id": "",
                "subnet_id": "subnet-0537133eb2e77fb2a"
              },
              {
                "allocation_id": "",
                "subnet_id": "subnet-06898a76a2a3b0530"
              }
            ],
            "subnets": [
              "subnet-0537133eb2e77fb2a",
              "subnet-06898a76a2a3b0530"
            ],
            "tags": {
              "Environment": "devl"
            },
            "timeouts": null,
            "vpc_id": "vpc-091e47a5de24b830c",
            "zone_id": "ZP97RAFLXTNZK"
          },
          "private": "eyJlMmJmYjczMC1lY2FhLTExZTYtOGY4OC0zNDM2M2JjN2M0YzAiOnsiY3JlYXRlIjo2MDAwMDAwMDAwMDAsImRlbGV0ZSI6NjAwMDAwMDAwMDAwLCJ1cGRhdGUiOjYwMDAwMDAwMDAwMH19",
          "dependencies": [
            "aws_security_group.gj_sec_grp",
            "aws_subnet.gj_subnet1",
            "aws_subnet.gj_subnet2",
            "aws_vpc.gj_vpc"
          ]
        }
      ]
    },
    {
      "mode": "managed",
      "type": "aws_lb_listener",
      "name": "gj-ecs-alb-listener",
      "provider": "provider[\"registry.terraform.io/hashicorp/aws\"]",
      "instances": [
        {
          "schema_version": 0,
          "attributes": {
            "arn": "arn:aws:elasticloadbalancing:ap-south-1:387820889742:listener/app/gj-ecs-alb/bfd5f7ed433ec1e9/406089d49e50bbb0",
            "certificate_arn": null,
            "default_action": [
              {
                "authenticate_cognito": [],
                "authenticate_oidc": [],
                "fixed_response": [],
                "forward": [],
                "order": 1,
                "redirect": [],
                "target_group_arn": "arn:aws:elasticloadbalancing:ap-south-1:387820889742:targetgroup/gj-ecs20210414134551134100000002/614b2e63a39c7fd6",
                "type": "forward"
              }
            ],
            "id": "arn:aws:elasticloadbalancing:ap-south-1:387820889742:listener/app/gj-ecs-alb/bfd5f7ed433ec1e9/406089d49e50bbb0",
            "load_balancer_arn": "arn:aws:elasticloadbalancing:ap-south-1:387820889742:loadbalancer/app/gj-ecs-alb/bfd5f7ed433ec1e9",
            "port": 7000,
            "protocol": "HTTP",
            "ssl_policy": "",
            "timeouts": null
          },
          "private": "eyJlMmJmYjczMC1lY2FhLTExZTYtOGY4OC0zNDM2M2JjN2M0YzAiOnsicmVhZCI6NjAwMDAwMDAwMDAwfX0=",
          "dependencies": [
            "aws_lb.gj-ecs-alb",
            "aws_lb_target_group.gj-ecs-service-target-group",
            "aws_security_group.gj_sec_grp",
            "aws_subnet.gj_subnet1",
            "aws_subnet.gj_subnet2",
            "aws_vpc.gj_vpc"
          ]
        }
      ]
    },
    {
      "mode": "managed",
      "type": "aws_lb_target_group",
      "name": "gj-ecs-service-target-group",
      "provider": "provider[\"registry.terraform.io/hashicorp/aws\"]",
      "instances": [
        {
          "schema_version": 0,
          "attributes": {
            "arn": "arn:aws:elasticloadbalancing:ap-south-1:387820889742:targetgroup/gj-ecs20210414134551134100000002/614b2e63a39c7fd6",
            "arn_suffix": "targetgroup/gj-ecs20210414134551134100000002/614b2e63a39c7fd6",
            "deregistration_delay": 300,
            "health_check": [
              {
                "enabled": true,
                "healthy_threshold": 3,
                "interval": 30,
                "matcher": "200",
                "path": "/ping",
                "port": "7000",
                "protocol": "HTTP",
                "timeout": 5,
                "unhealthy_threshold": 10
              }
            ],
            "id": "arn:aws:elasticloadbalancing:ap-south-1:387820889742:targetgroup/gj-ecs20210414134551134100000002/614b2e63a39c7fd6",
            "lambda_multi_value_headers_enabled": false,
            "load_balancing_algorithm_type": "round_robin",
            "name": "gj-ecs20210414134551134100000002",
            "name_prefix": "gj-ecs",
            "port": 7000,
            "protocol": "HTTP",
            "proxy_protocol_v2": false,
            "slow_start": 0,
            "stickiness": [
              {
                "cookie_duration": 86400,
                "enabled": false,
                "type": "lb_cookie"
              }
            ],
            "tags": {
              "name": "gj-ecs-service-target-group"
            },
            "target_type": "ip",
            "vpc_id": "vpc-091e47a5de24b830c"
          },
          "private": "bnVsbA==",
          "dependencies": [
            "aws_vpc.gj_vpc"
          ],
          "create_before_destroy": true
        }
      ]
    },
    {
      "mode": "managed",
      "type": "aws_route_table",
      "name": "gj_route_table",
      "provider": "provider[\"registry.terraform.io/hashicorp/aws\"]",
      "instances": [
        {
          "schema_version": 0,
          "attributes": {
            "id": "rtb-023c9e4740eabf5c9",
            "owner_id": "387820889742",
            "propagating_vgws": [],
            "route": [
              {
                "cidr_block": "0.0.0.0/0",
                "egress_only_gateway_id": "",
                "gateway_id": "igw-02753ab5bce53fc73",
                "instance_id": "",
                "ipv6_cidr_block": "",
                "nat_gateway_id": "",
                "network_interface_id": "",
                "transit_gateway_id": "",
                "vpc_peering_connection_id": ""
              }
            ],
            "tags": {
              "name": "gj_route_table"
            },
            "vpc_id": "vpc-091e47a5de24b830c"
          },
          "private": "bnVsbA==",
          "dependencies": [
            "aws_internet_gateway.gj_internat_gateway",
            "aws_vpc.gj_vpc"
          ]
        }
      ]
    },
    {
      "mode": "managed",
      "type": "aws_route_table_association",
      "name": "gj_route_association1",
      "provider": "provider[\"registry.terraform.io/hashicorp/aws\"]",
      "instances": [
        {
          "schema_version": 0,
          "attributes": {
            "gateway_id": null,
            "id": "rtbassoc-0bfc86feb5ab489dc",
            "route_table_id": "rtb-023c9e4740eabf5c9",
            "subnet_id": "subnet-06898a76a2a3b0530"
          },
          "private": "bnVsbA==",
          "dependencies": [
            "aws_internet_gateway.gj_internat_gateway",
            "aws_route_table.gj_route_table",
            "aws_subnet.gj_subnet1",
            "aws_vpc.gj_vpc"
          ]
        }
      ]
    },
    {
      "mode": "managed",
      "type": "aws_route_table_association",
      "name": "gj_route_association2",
      "provider": "provider[\"registry.terraform.io/hashicorp/aws\"]",
      "instances": [
        {
          "schema_version": 0,
          "attributes": {
            "gateway_id": null,
            "id": "rtbassoc-031869f991a05af2d",
            "route_table_id": "rtb-023c9e4740eabf5c9",
            "subnet_id": "subnet-0537133eb2e77fb2a"
          },
          "private": "bnVsbA==",
          "dependencies": [
            "aws_internet_gateway.gj_internat_gateway",
            "aws_route_table.gj_route_table",
            "aws_subnet.gj_subnet2",
            "aws_vpc.gj_vpc"
          ]
        }
      ]
    },
    {
      "mode": "managed",
      "type": "aws_security_group",
      "name": "gj_sec_grp",
      "provider": "provider[\"registry.terraform.io/hashicorp/aws\"]",
      "instances": [
        {
          "schema_version": 1,
          "attributes": {
            "arn": "arn:aws:ec2:ap-south-1:387820889742:security-group/sg-0ca4384bc6f0d59f7",
            "description": "gj_Allow TLS inbound traffic",
            "egress": [
              {
                "cidr_blocks": [
                  "0.0.0.0/0"
                ],
                "description": "",
                "from_port": 0,
                "ipv6_cidr_blocks": [],
                "prefix_list_ids": [],
                "protocol": "-1",
                "security_groups": [],
                "self": false,
                "to_port": 0
              }
            ],
            "id": "sg-0ca4384bc6f0d59f7",
            "ingress": [
              {
                "cidr_blocks": [
                  "0.0.0.0/0"
                ],
                "description": "",
                "from_port": 22,
                "ipv6_cidr_blocks": [],
                "prefix_list_ids": [],
                "protocol": "tcp",
                "security_groups": [],
                "self": false,
                "to_port": 22
              },
              {
                "cidr_blocks": [
                  "0.0.0.0/0"
                ],
                "description": "",
                "from_port": 443,
                "ipv6_cidr_blocks": [],
                "prefix_list_ids": [],
                "protocol": "tcp",
                "security_groups": [],
                "self": false,
                "to_port": 443
              },
              {
                "cidr_blocks": [
                  "0.0.0.0/0"
                ],
                "description": "",
                "from_port": 7000,
                "ipv6_cidr_blocks": [],
                "prefix_list_ids": [],
                "protocol": "tcp",
                "security_groups": [],
                "self": false,
                "to_port": 7000
              },
              {
                "cidr_blocks": [
                  "0.0.0.0/0"
                ],
                "description": "",
                "from_port": 80,
                "ipv6_cidr_blocks": [],
                "prefix_list_ids": [],
                "protocol": "tcp",
                "security_groups": [],
                "self": false,
                "to_port": 80
              }
            ],
            "name": "gj_allow_tls",
            "name_prefix": null,
            "owner_id": "387820889742",
            "revoke_rules_on_delete": false,
            "tags": {},
            "timeouts": null,
            "vpc_id": "vpc-091e47a5de24b830c"
          },
          "private": "eyJlMmJmYjczMC1lY2FhLTExZTYtOGY4OC0zNDM2M2JjN2M0YzAiOnsiY3JlYXRlIjo2MDAwMDAwMDAwMDAsImRlbGV0ZSI6NjAwMDAwMDAwMDAwfSwic2NoZW1hX3ZlcnNpb24iOiIxIn0=",
          "dependencies": [
            "aws_vpc.gj_vpc"
          ]
        }
      ]
    },
    {
      "mode": "managed",
      "type": "aws_subnet",
      "name": "gj_subnet1",
      "provider": "provider[\"registry.terraform.io/hashicorp/aws\"]",
      "instances": [
        {
          "schema_version": 1,
          "attributes": {
            "arn": "arn:aws:ec2:ap-south-1:387820889742:subnet/subnet-06898a76a2a3b0530",
            "assign_ipv6_address_on_creation": false,
            "availability_zone": "ap-south-1b",
            "availability_zone_id": "aps1-az3",
            "cidr_block": "10.0.0.0/17",
            "id": "subnet-06898a76a2a3b0530",
            "ipv6_cidr_block": "",
            "ipv6_cidr_block_association_id": "",
            "map_public_ip_on_launch": true,
            "outpost_arn": "",
            "owner_id": "387820889742",
            "tags": {
              "name": "gj_subnet1"
            },
            "timeouts": null,
            "vpc_id": "vpc-091e47a5de24b830c"
          },
          "private": "eyJlMmJmYjczMC1lY2FhLTExZTYtOGY4OC0zNDM2M2JjN2M0YzAiOnsiY3JlYXRlIjo2MDAwMDAwMDAwMDAsImRlbGV0ZSI6MTIwMDAwMDAwMDAwMH0sInNjaGVtYV92ZXJzaW9uIjoiMSJ9",
          "dependencies": [
            "aws_vpc.gj_vpc"
          ]
        }
      ]
    },
    {
      "mode": "managed",
      "type": "aws_subnet",
      "name": "gj_subnet2",
      "provider": "provider[\"registry.terraform.io/hashicorp/aws\"]",
      "instances": [
        {
          "schema_version": 1,
          "attributes": {
            "arn": "arn:aws:ec2:ap-south-1:387820889742:subnet/subnet-0537133eb2e77fb2a",
            "assign_ipv6_address_on_creation": false,
            "availability_zone": "ap-south-1c",
            "availability_zone_id": "aps1-az2",
            "cidr_block": "10.0.128.0/17",
            "id": "subnet-0537133eb2e77fb2a",
            "ipv6_cidr_block": "",
            "ipv6_cidr_block_association_id": "",
            "map_public_ip_on_launch": true,
            "outpost_arn": "",
            "owner_id": "387820889742",
            "tags": {
              "name": "gj_subnet2"
            },
            "timeouts": null,
            "vpc_id": "vpc-091e47a5de24b830c"
          },
          "private": "eyJlMmJmYjczMC1lY2FhLTExZTYtOGY4OC0zNDM2M2JjN2M0YzAiOnsiY3JlYXRlIjo2MDAwMDAwMDAwMDAsImRlbGV0ZSI6MTIwMDAwMDAwMDAwMH0sInNjaGVtYV92ZXJzaW9uIjoiMSJ9",
          "dependencies": [
            "aws_vpc.gj_vpc"
          ]
        }
      ]
    },
    {
      "mode": "managed",
      "type": "aws_vpc",
      "name": "gj_vpc",
      "provider": "provider[\"registry.terraform.io/hashicorp/aws\"]",
      "instances": [
        {
          "schema_version": 1,
          "attributes": {
            "arn": "arn:aws:ec2:ap-south-1:387820889742:vpc/vpc-091e47a5de24b830c",
            "assign_generated_ipv6_cidr_block": false,
            "cidr_block": "10.0.0.0/16",
            "default_network_acl_id": "acl-0de89f97cd3fabfaa",
            "default_route_table_id": "rtb-021ff1a3c2488bf3a",
            "default_security_group_id": "sg-09713a15886e5abc7",
            "dhcp_options_id": "dopt-d97bb8b2",
            "enable_classiclink": null,
            "enable_classiclink_dns_support": null,
            "enable_dns_hostnames": false,
            "enable_dns_support": true,
            "id": "vpc-091e47a5de24b830c",
            "instance_tenancy": "default",
            "ipv6_association_id": "",
            "ipv6_cidr_block": "",
            "main_route_table_id": "rtb-021ff1a3c2488bf3a",
            "owner_id": "387820889742",
            "tags": {
              "name": "gj_vpc"
            }
          },
          "private": "eyJzY2hlbWFfdmVyc2lvbiI6IjEifQ=="
        }
      ]
    }
  ]
}
