
Microsoft Visual Studio Solution File, Format Version 12.00
# Visual Studio 15
VisualStudioVersion = 15.0.26430.6
MinimumVisualStudioVersion = 10.0.40219.1
Project("{2150E333-8FDC-42A3-9474-1A3956D46DE8}") = "Solution Items", "Solution Items", "{FCDEAA11-E163-4312-864F-E9064F56A65C}"
	ProjectSection(SolutionItems) = preProject
		2dbarcode.htm = 2dbarcode.htm
		dlduplexfacialmatch.htm = dlduplexfacialmatch.htm
		dlfacialmatch.htm = dlfacialmatch.htm
		driverslicense.htm = driverslicense.htm
		driverslicenseduplex.htm = driverslicenseduplex.htm
		index.htm = index.htm
		medinsurance.htm = medinsurance.htm
		passport.htm = passport.htm
	EndProjectSection
EndProject
Project("{2150E333-8FDC-42A3-9474-1A3956D46DE8}") = "css", "css", "{4559E147-E499-4525-9971-3297BDB61196}"
	ProjectSection(SolutionItems) = preProject
		css\bootstrap-fileupload.css = css\bootstrap-fileupload.css
		css\bootstrap-select.css = css\bootstrap-select.css
		css\bootstrap-switch.css = css\bootstrap-switch.css
		css\bootstrap.css = css\bootstrap.css
		css\custom.css = css\custom.css
		css\flat-ui-fonts.css = css\flat-ui-fonts.css
	EndProjectSection
EndProject
Project("{2150E333-8FDC-42A3-9474-1A3956D46DE8}") = "js", "js", "{CB18FE87-B718-4079-9110-FB2B1BE1E35A}"
EndProject
Project("{2150E333-8FDC-42A3-9474-1A3956D46DE8}") = "AcuantWebServiceJS", "AcuantWebServiceJS", "{3261DE88-DF9D-48F7-8A6D-3337FDF4A5BA}"
	ProjectSection(SolutionItems) = preProject
		js\AcuantWebServiceJS\barcode.js = js\AcuantWebServiceJS\barcode.js
		js\AcuantWebServiceJS\common.js = js\AcuantWebServiceJS\common.js
		js\AcuantWebServiceJS\dlduplexfacialmatch.js = js\AcuantWebServiceJS\dlduplexfacialmatch.js
		js\AcuantWebServiceJS\dlfacialmatch.js = js\AcuantWebServiceJS\dlfacialmatch.js
		js\AcuantWebServiceJS\driverslicense.js = js\AcuantWebServiceJS\driverslicense.js
		js\AcuantWebServiceJS\driverslicenseduplex.js = js\AcuantWebServiceJS\driverslicenseduplex.js
		js\AcuantWebServiceJS\licensekey.js = js\AcuantWebServiceJS\licensekey.js
		js\AcuantWebServiceJS\medicalcard.js = js\AcuantWebServiceJS\medicalcard.js
		js\AcuantWebServiceJS\passport.js = js\AcuantWebServiceJS\passport.js
	EndProjectSection
EndProject
Project("{2150E333-8FDC-42A3-9474-1A3956D46DE8}") = "Misc", "Misc", "{52276DBB-1C7F-4F86-9B02-1BC4A9F815B7}"
	ProjectSection(SolutionItems) = preProject
		js\MiscJS\ui.js = js\MiscJS\ui.js
	EndProjectSection
EndProject
Global
	GlobalSection(SolutionProperties) = preSolution
		HideSolutionNode = FALSE
	EndGlobalSection
	GlobalSection(NestedProjects) = preSolution
		{3261DE88-DF9D-48F7-8A6D-3337FDF4A5BA} = {CB18FE87-B718-4079-9110-FB2B1BE1E35A}
		{52276DBB-1C7F-4F86-9B02-1BC4A9F815B7} = {CB18FE87-B718-4079-9110-FB2B1BE1E35A}
	EndGlobalSection
EndGlobal
